
Microsoft Visual Studio Solution File, Format Version 12.00
# Visual Studio 2012
Project("{FAE04EC0-301F-11D3-BF4B-00C04F79EFBC}") = "AjaxLogIn", "AjaxLogIn.csproj", "{5838BE7A-A36E-4A3D-9D40-272CA0E4C899}"
EndProject
Global
	GlobalSection(SolutionConfigurationPlatforms) = preSolution
		Debug|Any CPU = Debug|Any CPU
		Release|Any CPU = Release|Any CPU
	EndGlobalSection
	GlobalSection(ProjectConfigurationPlatforms) = postSolution
		{5838BE7A-A36E-4A3D-9D40-272CA0E4C899}.Debug|Any CPU.ActiveCfg = Debug|Any CPU
		{5838BE7A-A36E-4A3D-9D40-272CA0E4C899}.Debug|Any CPU.Build.0 = Debug|Any CPU
		{5838BE7A-A36E-4A3D-9D40-272CA0E4C899}.Release|Any CPU.ActiveCfg = Release|Any CPU
		{5838BE7A-A36E-4A3D-9D40-272CA0E4C899}.Release|Any CPU.Build.0 = Release|Any CPU
	EndGlobalSection
	GlobalSection(SolutionProperties) = preSolution
		HideSolutionNode = FALSE
	EndGlobalSection
EndGlobal
